# This file is automatically @generated by Cargo.
# It is not intended for manual editing.
version = 3

[[package]]
name = "adler"
version = "1.0.2"
source = "registry+https://github.com/rust-lang/crates.io-index"
checksum = "f26201604c87b1e01bd3d98f8d5d9a8fcbb815e8cedb41ffccbeb4bf593a35fe"

[[package]]
name = "ahash"
version = "0.7.6"
source = "registry+https://github.com/rust-lang/crates.io-index"
checksum = "fcb51a0695d8f838b1ee009b3fbf66bda078cd64590202a864a8f3e8c4315c47"
dependencies = [
 "getrandom",
 "once_cell",
 "version_check",
]

[[package]]
name = "ahash"
version = "0.8.1"
source = "registry+https://github.com/rust-lang/crates.io-index"
checksum = "464b3811b747f8f7ebc8849c9c728c39f6ac98a055edad93baf9eb330e3f8f9d"
dependencies = [
 "cfg-if",
 "const-random",
 "getrandom",
 "once_cell",
 "version_check",
]

[[package]]
name = "aho-corasick"
version = "0.7.19"
source = "registry+https://github.com/rust-lang/crates.io-index"
checksum = "b4f55bd91a0978cbfd91c457a164bab8b4001c833b7f323132c0a4e1922dd44e"
dependencies = [
 "memchr",
]

[[package]]
name = "alloc-no-stdlib"
version = "2.0.4"
source = "registry+https://github.com/rust-lang/crates.io-index"
checksum = "cc7bb162ec39d46ab1ca8c77bf72e890535becd1751bb45f64c597edb4c8c6b3"

[[package]]
name = "alloc-stdlib"
version = "0.2.2"
source = "registry+https://github.com/rust-lang/crates.io-index"
checksum = "94fb8275041c72129eb51b7d0322c29b8387a0386127718b096429201a5d6ece"
dependencies = [
 "alloc-no-stdlib",
]

[[package]]
name = "android_system_properties"
version = "0.1.5"
source = "registry+https://github.com/rust-lang/crates.io-index"
checksum = "819e7219dbd41043ac279b19830f2efc897156490d7fd6ea916720117ee66311"
dependencies = [
 "libc",
]

[[package]]
name = "anyhow"
version = "1.0.65"
source = "registry+https://github.com/rust-lang/crates.io-index"
checksum = "98161a4e3e2184da77bb14f02184cdd111e83bbbcc9979dfee3c44b9a85f5602"

[[package]]
name = "arrayvec"
version = "0.7.2"
source = "registry+https://github.com/rust-lang/crates.io-index"
checksum = "8da52d66c7071e2e3fa2a1e5c6d088fec47b593032b254f5e980de8ea54454d6"

[[package]]
name = "arrow"
version = "23.0.0"
source = "registry+https://github.com/rust-lang/crates.io-index"
checksum = "fedc767fbaa36ea50f086215f54f1a007d22046fc4754b0448c657bcbe9f8413"
dependencies = [
 "ahash 0.8.1",
 "arrow-buffer 23.0.0",
 "bitflags",
 "chrono",
 "comfy-table",
 "half",
 "hashbrown",
 "indexmap",
 "lazy_static",
 "lexical-core",
 "multiversion",
 "num",
 "regex",
 "regex-syntax",
]

[[package]]
name = "arrow"
version = "26.0.0"
source = "registry+https://github.com/rust-lang/crates.io-index"
checksum = "e24e2bcd431a4aa0ff003fdd2dc21c78cfb42f31459c89d2312c2746fe17a5ac"
dependencies = [
 "ahash 0.8.1",
 "arrow-array",
 "arrow-buffer 26.0.0",
 "arrow-data",
 "arrow-schema",
 "arrow-select",
 "bitflags",
 "chrono",
 "flatbuffers",
 "half",
 "hashbrown",
 "indexmap",
 "lazy_static",
 "lexical-core",
 "multiversion",
 "num",
 "regex",
 "regex-syntax",
]

[[package]]
name = "arrow-array"
version = "26.0.0"
source = "registry+https://github.com/rust-lang/crates.io-index"
checksum = "c9044300874385f19e77cbf90911e239bd23630d8f23bb0f948f9067998a13b7"
dependencies = [
 "ahash 0.8.1",
 "arrow-buffer 26.0.0",
 "arrow-data",
 "arrow-schema",
 "chrono",
 "half",
 "hashbrown",
 "num",
]

[[package]]
name = "arrow-buffer"
version = "23.0.0"
source = "registry+https://github.com/rust-lang/crates.io-index"
checksum = "d290050c6e12a81a24ad08525cef2203c4156a6350f75508d49885d677e88ea9"
dependencies = [
 "half",
 "num",
]

[[package]]
name = "arrow-buffer"
version = "26.0.0"
source = "registry+https://github.com/rust-lang/crates.io-index"
checksum = "78476cbe9e3f808dcecab86afe42d573863c63e149c62e6e379ed2522743e626"
dependencies = [
 "half",
 "num",
]

[[package]]
name = "arrow-data"
version = "26.0.0"
source = "registry+https://github.com/rust-lang/crates.io-index"
checksum = "4d916feee158c485dad4f701cba31bc9a90a8db87d9df8e2aa8adc0c20a2bbb9"
dependencies = [
 "arrow-buffer 26.0.0",
 "arrow-schema",
 "half",
 "num",
]

[[package]]
name = "arrow-schema"
version = "26.0.0"
source = "registry+https://github.com/rust-lang/crates.io-index"
checksum = "0f9406eb7834ca6bd8350d1baa515d18b9fcec487eddacfb62f5e19511f7bd37"

[[package]]
name = "arrow-select"
version = "26.0.0"
source = "registry+https://github.com/rust-lang/crates.io-index"
checksum = "6593a01586751c74498495d2f5a01fcd438102b52965c11dd98abf4ebcacef37"
dependencies = [
 "arrow-array",
 "arrow-buffer 26.0.0",
 "arrow-data",
 "arrow-schema",
 "num",
]

[[package]]
name = "atty"
version = "0.2.14"
source = "registry+https://github.com/rust-lang/crates.io-index"
checksum = "d9b39be18770d11421cdb1b9947a45dd3f37e93092cbf377614828a319d5fee8"
dependencies = [
 "hermit-abi",
 "libc",
 "winapi",
]

[[package]]
name = "autocfg"
version = "1.1.0"
source = "registry+https://github.com/rust-lang/crates.io-index"
checksum = "d468802bab17cbc0cc575e9b053f41e72aa36bfa6b7f55e3529ffa43161b97fa"

[[package]]
name = "base64"
version = "0.13.1"
source = "registry+https://github.com/rust-lang/crates.io-index"
checksum = "9e1b586273c5702936fe7b7d6896644d8be71e6314cfe09d3167c95f712589e8"

[[package]]
name = "bindgen"
version = "0.60.1"
source = "registry+https://github.com/rust-lang/crates.io-index"
checksum = "062dddbc1ba4aca46de6338e2bf87771414c335f7b2f2036e8f3e9befebf88e6"
dependencies = [
 "bitflags",
 "cexpr",
 "clang-sys",
 "lazy_static",
 "lazycell",
 "peeking_take_while",
 "proc-macro2 1.0.47",
 "quote 1.0.21",
 "regex",
 "rustc-hash",
 "shlex",
]

[[package]]
name = "bit-set"
version = "0.5.3"
source = "registry+https://github.com/rust-lang/crates.io-index"
checksum = "0700ddab506f33b20a03b13996eccd309a48e5ff77d0d95926aa0210fb4e95f1"
dependencies = [
 "bit-vec",
]

[[package]]
name = "bit-vec"
version = "0.6.3"
source = "registry+https://github.com/rust-lang/crates.io-index"
checksum = "349f9b6a179ed607305526ca489b34ad0a41aed5f7980fa90eb03160b69598fb"

[[package]]
name = "bitflags"
version = "1.3.2"
source = "registry+https://github.com/rust-lang/crates.io-index"
checksum = "bef38d45163c2f1dde094a7dfd33ccf595c92905c8f8f4fdc18d06fb1037718a"

[[package]]
name = "bitpacking"
version = "0.8.4"
source = "registry+https://github.com/rust-lang/crates.io-index"
checksum = "a8c7d2ac73c167c06af4a5f37e6e59d84148d57ccbe4480b76f0273eefea82d7"
dependencies = [
 "crunchy",
]

[[package]]
name = "brotli"
version = "3.3.4"
source = "registry+https://github.com/rust-lang/crates.io-index"
checksum = "a1a0b1dbcc8ae29329621f8d4f0d835787c1c38bb1401979b49d13b0b305ff68"
dependencies = [
 "alloc-no-stdlib",
 "alloc-stdlib",
 "brotli-decompressor",
]

[[package]]
name = "brotli-decompressor"
version = "2.3.2"
source = "registry+https://github.com/rust-lang/crates.io-index"
checksum = "59ad2d4653bf5ca36ae797b1f4bb4dbddb60ce49ca4aed8a2ce4829f60425b80"
dependencies = [
 "alloc-no-stdlib",
 "alloc-stdlib",
]

[[package]]
name = "bumpalo"
version = "3.11.1"
source = "registry+https://github.com/rust-lang/crates.io-index"
checksum = "572f695136211188308f16ad2ca5c851a712c464060ae6974944458eb83880ba"

[[package]]
name = "bytefmt"
version = "0.1.7"
source = "registry+https://github.com/rust-lang/crates.io-index"
checksum = "590b1af059a21c47d4da7cd11f05e08b1992b58b5b4acf2a5e10d7e53aed3d74"
dependencies = [
 "regex",
]

[[package]]
name = "byteorder"
version = "1.4.3"
source = "registry+https://github.com/rust-lang/crates.io-index"
checksum = "14c189c53d098945499cdfa7ecc63567cf3886b3332b312a5b4585d8d3a6a610"

[[package]]
name = "bytes"
version = "1.2.1"
source = "registry+https://github.com/rust-lang/crates.io-index"
checksum = "ec8a7b6a70fde80372154c65702f00a0f56f3e1c36abbc6c440484be248856db"

[[package]]
name = "bzip2-sys"
version = "0.1.11+1.0.8"
source = "registry+https://github.com/rust-lang/crates.io-index"
checksum = "736a955f3fa7875102d57c82b8cac37ec45224a07fd32d58f9f7a186b6cd4cdc"
dependencies = [
 "cc",
 "libc",
 "pkg-config",
]

[[package]]
name = "cast"
version = "0.3.0"
source = "registry+https://github.com/rust-lang/crates.io-index"
checksum = "37b2a672a2cb129a2e41c10b1224bb368f9f37a2b16b612598138befd7b37eb5"

[[package]]
name = "cc"
version = "1.0.74"
source = "registry+https://github.com/rust-lang/crates.io-index"
checksum = "581f5dba903aac52ea3feb5ec4810848460ee833876f1f9b0fdeab1f19091574"
dependencies = [
 "jobserver",
]

[[package]]
name = "cexpr"
version = "0.6.0"
source = "registry+https://github.com/rust-lang/crates.io-index"
checksum = "6fac387a98bb7c37292057cffc56d62ecb629900026402633ae9160df93a8766"
dependencies = [
 "nom",
]

[[package]]
name = "cfg-if"
version = "1.0.0"
source = "registry+https://github.com/rust-lang/crates.io-index"
checksum = "baf1de4339761588bc0619e3cbc0120ee582ebb74b53b4efbf79117bd2da40fd"

[[package]]
name = "chrono"
version = "0.4.22"
source = "registry+https://github.com/rust-lang/crates.io-index"
checksum = "bfd4d1b31faaa3a89d7934dbded3111da0d2ef28e3ebccdb4f0179f5929d1ef1"
dependencies = [
 "iana-time-zone",
 "num-integer",
 "num-traits",
 "winapi",
]

[[package]]
name = "clang-sys"
version = "1.4.0"
source = "registry+https://github.com/rust-lang/crates.io-index"
checksum = "fa2e27ae6ab525c3d369ded447057bca5438d86dc3a68f6faafb8269ba82ebf3"
dependencies = [
 "glob",
 "libc",
 "libloading",
]

[[package]]
name = "clap"
version = "4.0.17"
source = "registry+https://github.com/rust-lang/crates.io-index"
checksum = "06badb543e734a2d6568e19a40af66ed5364360b9226184926f89d229b4b4267"
dependencies = [
 "atty",
 "bitflags",
 "clap_derive",
 "clap_lex",
 "once_cell",
 "strsim",
 "termcolor",
]

[[package]]
name = "clap_derive"
version = "4.0.13"
source = "registry+https://github.com/rust-lang/crates.io-index"
checksum = "c42f169caba89a7d512b5418b09864543eeb4d497416c917d7137863bd2076ad"
dependencies = [
 "heck",
 "proc-macro-error",
 "proc-macro2 1.0.47",
 "quote 1.0.21",
 "syn 1.0.102",
]

[[package]]
name = "clap_lex"
version = "0.3.0"
source = "registry+https://github.com/rust-lang/crates.io-index"
checksum = "0d4198f73e42b4936b35b5bb248d81d2b595ecb170da0bac7655c54eedfa8da8"
dependencies = [
 "os_str_bytes",
]

[[package]]
name = "codespan-reporting"
version = "0.11.1"
source = "registry+https://github.com/rust-lang/crates.io-index"
checksum = "3538270d33cc669650c4b093848450d380def10c331d38c768e34cac80576e6e"
dependencies = [
 "termcolor",
 "unicode-width",
]

[[package]]
name = "comfy-table"
version = "6.1.2"
source = "registry+https://github.com/rust-lang/crates.io-index"
checksum = "1090f39f45786ec6dc6286f8ea9c75d0a7ef0a0d3cda674cef0c3af7b307fbc2"
dependencies = [
 "strum",
 "strum_macros",
 "unicode-width",
]

[[package]]
name = "console"
version = "0.15.2"
source = "registry+https://github.com/rust-lang/crates.io-index"
checksum = "c050367d967ced717c04b65d8c619d863ef9292ce0c5760028655a2fb298718c"
dependencies = [
 "encode_unicode",
 "lazy_static",
 "libc",
 "terminal_size",
 "winapi",
]

[[package]]
name = "const-random"
version = "0.1.15"
source = "registry+https://github.com/rust-lang/crates.io-index"
checksum = "368a7a772ead6ce7e1de82bfb04c485f3db8ec744f72925af5735e29a22cc18e"
dependencies = [
 "const-random-macro",
 "proc-macro-hack",
]

[[package]]
name = "const-random-macro"
version = "0.1.15"
source = "registry+https://github.com/rust-lang/crates.io-index"
checksum = "9d7d6ab3c3a2282db210df5f02c4dab6e0a7057af0fb7ebd4070f30fe05c0ddb"
dependencies = [
 "getrandom",
 "once_cell",
 "proc-macro-hack",
 "tiny-keccak",
]

[[package]]
name = "core-foundation-sys"
version = "0.8.3"
source = "registry+https://github.com/rust-lang/crates.io-index"
checksum = "5827cebf4670468b8772dd191856768aedcb1b0278a04f989f7766351917b9dc"

[[package]]
name = "crc32fast"
version = "1.3.2"
source = "registry+https://github.com/rust-lang/crates.io-index"
checksum = "b540bd8bc810d3885c6ea91e2018302f68baba2129ab3e88f32389ee9370880d"
dependencies = [
 "cfg-if",
]

[[package]]
name = "crunchy"
version = "0.2.2"
source = "registry+https://github.com/rust-lang/crates.io-index"
checksum = "7a81dae078cea95a014a339291cec439d2f232ebe854a9d672b796c6afafa9b7"

[[package]]
name = "cxx"
version = "1.0.80"
source = "registry+https://github.com/rust-lang/crates.io-index"
checksum = "6b7d4e43b25d3c994662706a1d4fcfc32aaa6afd287502c111b237093bb23f3a"
dependencies = [
 "cc",
 "cxxbridge-flags",
 "cxxbridge-macro",
 "link-cplusplus",
]

[[package]]
name = "cxx-build"
version = "1.0.80"
source = "registry+https://github.com/rust-lang/crates.io-index"
checksum = "84f8829ddc213e2c1368e51a2564c552b65a8cb6a28f31e576270ac81d5e5827"
dependencies = [
 "cc",
 "codespan-reporting",
 "once_cell",
 "proc-macro2 1.0.47",
 "quote 1.0.21",
 "scratch",
 "syn 1.0.102",
]

[[package]]
name = "cxxbridge-flags"
version = "1.0.80"
source = "registry+https://github.com/rust-lang/crates.io-index"
checksum = "e72537424b474af1460806647c41d4b6d35d09ef7fe031c5c2fa5766047cc56a"

[[package]]
name = "cxxbridge-macro"
version = "1.0.80"
source = "registry+https://github.com/rust-lang/crates.io-index"
checksum = "309e4fb93eed90e1e14bea0da16b209f81813ba9fc7830c20ed151dd7bc0a4d7"
dependencies = [
 "proc-macro2 1.0.47",
 "quote 1.0.21",
 "syn 1.0.102",
]

[[package]]
name = "duckdb"
version = "0.5.1"
source = "registry+https://github.com/rust-lang/crates.io-index"
checksum = "f783a5e04b7dd25c2f84b62ea43b2ad74e0f90cb8b733501e57ef030fb549846"
dependencies = [
 "arrow 23.0.0",
 "cast",
 "fallible-iterator",
 "fallible-streaming-iterator",
 "hashlink",
 "libduckdb-sys",
 "memchr",
 "rust_decimal",
 "smallvec",
 "strum",
]

[[package]]
name = "either"
version = "1.8.0"
source = "registry+https://github.com/rust-lang/crates.io-index"
checksum = "90e5c1c8368803113bf0c9584fc495a58b86dc8a29edbf8fe877d21d9507e797"

[[package]]
name = "encode_unicode"
version = "0.3.6"
source = "registry+https://github.com/rust-lang/crates.io-index"
checksum = "a357d28ed41a50f9c765dbfe56cbc04a64e53e5fc58ba79fbc34c10ef3df831f"

[[package]]
name = "fallible-iterator"
version = "0.2.0"
source = "registry+https://github.com/rust-lang/crates.io-index"
checksum = "4443176a9f2c162692bd3d352d745ef9413eec5782a80d8fd6f8a1ac692a07f7"

[[package]]
name = "fallible-streaming-iterator"
version = "0.1.9"
source = "registry+https://github.com/rust-lang/crates.io-index"
checksum = "7360491ce676a36bf9bb3c56c1aa791658183a54d2744120f27285738d90465a"

[[package]]
name = "fastrand"
version = "1.8.0"
source = "registry+https://github.com/rust-lang/crates.io-index"
checksum = "a7a407cfaa3385c4ae6b23e84623d48c2798d06e3e6a1878f7f59f17b3f86499"
dependencies = [
 "instant",
]

[[package]]
name = "flatbuffers"
version = "22.9.29"
source = "registry+https://github.com/rust-lang/crates.io-index"
checksum = "8ce016b9901aef3579617931fbb2df8fc9a9f7cb95a16eb8acc8148209bb9e70"
dependencies = [
 "bitflags",
 "thiserror",
]

[[package]]
name = "flate2"
version = "1.0.24"
source = "registry+https://github.com/rust-lang/crates.io-index"
checksum = "f82b0f4c27ad9f8bfd1f3208d882da2b09c301bc1c828fd3a00d0216d2fbbff6"
dependencies = [
 "crc32fast",
 "miniz_oxide",
]

[[package]]
name = "fnv"
version = "1.0.7"
source = "registry+https://github.com/rust-lang/crates.io-index"
checksum = "3f9eec918d3f24069decb9af1554cad7c880e2da24a9afd88aca000531ab82c1"

[[package]]
name = "getrandom"
version = "0.2.7"
source = "registry+https://github.com/rust-lang/crates.io-index"
checksum = "4eb1a864a501629691edf6c15a593b7a51eebaa1e8468e9ddc623de7c9b58ec6"
dependencies = [
 "cfg-if",
 "js-sys",
 "libc",
 "wasi",
 "wasm-bindgen",
]

[[package]]
name = "glob"
version = "0.3.0"
source = "registry+https://github.com/rust-lang/crates.io-index"
checksum = "9b919933a397b79c37e33b77bb2aa3dc8eb6e165ad809e58ff75bc7db2e34574"

[[package]]
name = "half"
version = "2.1.0"
source = "registry+https://github.com/rust-lang/crates.io-index"
checksum = "ad6a9459c9c30b177b925162351f97e7d967c7ea8bab3b8352805327daf45554"
dependencies = [
 "crunchy",
 "num-traits",
]

[[package]]
name = "hashbrown"
version = "0.12.3"
source = "registry+https://github.com/rust-lang/crates.io-index"
checksum = "8a9ee70c43aaf417c914396645a0fa852624801b24ebb7ae78fe8272889ac888"
dependencies = [
 "ahash 0.7.6",
]

[[package]]
name = "hashlink"
version = "0.8.1"
source = "registry+https://github.com/rust-lang/crates.io-index"
checksum = "69fe1fcf8b4278d860ad0548329f892a3631fb63f82574df68275f34cdbe0ffa"
dependencies = [
 "hashbrown",
]

[[package]]
name = "heck"
version = "0.4.0"
source = "registry+https://github.com/rust-lang/crates.io-index"
checksum = "2540771e65fc8cb83cd6e8a237f70c319bd5c29f78ed1084ba5d50eeac86f7f9"

[[package]]
name = "hermit-abi"
version = "0.1.19"
source = "registry+https://github.com/rust-lang/crates.io-index"
checksum = "62b467343b94ba476dcb2500d242dadbb39557df889310ac77c5d99100aaac33"
dependencies = [
 "libc",
]

[[package]]
name = "iana-time-zone"
version = "0.1.53"
source = "registry+https://github.com/rust-lang/crates.io-index"
checksum = "64c122667b287044802d6ce17ee2ddf13207ed924c712de9a66a5814d5b64765"
dependencies = [
 "android_system_properties",
 "core-foundation-sys",
 "iana-time-zone-haiku",
 "js-sys",
 "wasm-bindgen",
 "winapi",
]

[[package]]
name = "iana-time-zone-haiku"
version = "0.1.1"
source = "registry+https://github.com/rust-lang/crates.io-index"
checksum = "0703ae284fc167426161c2e3f1da3ea71d94b21bedbcc9494e92b28e334e3dca"
dependencies = [
 "cxx",
 "cxx-build",
]

[[package]]
name = "indexmap"
version = "1.9.1"
source = "registry+https://github.com/rust-lang/crates.io-index"
checksum = "10a35a97730320ffe8e2d410b5d3b69279b98d2c14bdb8b70ea89ecf7888d41e"
dependencies = [
 "autocfg",
 "hashbrown",
]

[[package]]
name = "insta"
version = "1.21.0"
source = "registry+https://github.com/rust-lang/crates.io-index"
checksum = "581d4e3314cae4536e5d22ffd23189d4a374696c5ef733eadafae0ed273fd303"
dependencies = [
 "console",
 "lazy_static",
 "linked-hash-map",
 "similar",
 "yaml-rust",
]

[[package]]
name = "instant"
version = "0.1.12"
source = "registry+https://github.com/rust-lang/crates.io-index"
checksum = "7a5bbe824c507c5da5956355e86a746d82e0e1464f65d862cc5e71da70e94b2c"
dependencies = [
 "cfg-if",
]

[[package]]
name = "integer-encoding"
version = "3.0.4"
source = "registry+https://github.com/rust-lang/crates.io-index"
checksum = "8bb03732005da905c88227371639bf1ad885cc712789c011c31c5fb3ab3ccf02"

[[package]]
name = "itertools"
version = "0.10.5"
source = "registry+https://github.com/rust-lang/crates.io-index"
checksum = "b0fd2260e829bddf4cb6ea802289de2f86d6a7a690192fbe91b3f46e0f2c8473"
dependencies = [
 "either",
]

[[package]]
name = "jobserver"
version = "0.1.25"
source = "registry+https://github.com/rust-lang/crates.io-index"
checksum = "068b1ee6743e4d11fb9c6a1e6064b3693a1b600e7f5f5988047d98b3dc9fb90b"
dependencies = [
 "libc",
]

[[package]]
name = "js-sys"
version = "0.3.60"
source = "registry+https://github.com/rust-lang/crates.io-index"
checksum = "49409df3e3bf0856b916e2ceaca09ee28e6871cf7d9ce97a692cacfdb2a25a47"
dependencies = [
 "wasm-bindgen",
]

[[package]]
name = "lazy_static"
version = "1.4.0"
source = "registry+https://github.com/rust-lang/crates.io-index"
checksum = "e2abad23fbc42b3700f2f279844dc832adb2b2eb069b2df918f455c4e18cc646"

[[package]]
name = "lazycell"
version = "1.3.0"
source = "registry+https://github.com/rust-lang/crates.io-index"
checksum = "830d08ce1d1d941e6b30645f1a0eb5643013d835ce3779a5fc208261dbe10f55"

[[package]]
name = "lexical-core"
version = "0.8.5"
source = "registry+https://github.com/rust-lang/crates.io-index"
checksum = "2cde5de06e8d4c2faabc400238f9ae1c74d5412d03a7bd067645ccbc47070e46"
dependencies = [
 "lexical-parse-float",
 "lexical-parse-integer",
 "lexical-util",
 "lexical-write-float",
 "lexical-write-integer",
]

[[package]]
name = "lexical-parse-float"
version = "0.8.5"
source = "registry+https://github.com/rust-lang/crates.io-index"
checksum = "683b3a5ebd0130b8fb52ba0bdc718cc56815b6a097e28ae5a6997d0ad17dc05f"
dependencies = [
 "lexical-parse-integer",
 "lexical-util",
 "static_assertions",
]

[[package]]
name = "lexical-parse-integer"
version = "0.8.6"
source = "registry+https://github.com/rust-lang/crates.io-index"
checksum = "6d0994485ed0c312f6d965766754ea177d07f9c00c9b82a5ee62ed5b47945ee9"
dependencies = [
 "lexical-util",
 "static_assertions",
]

[[package]]
name = "lexical-util"
version = "0.8.5"
source = "registry+https://github.com/rust-lang/crates.io-index"
checksum = "5255b9ff16ff898710eb9eb63cb39248ea8a5bb036bea8085b1a767ff6c4e3fc"
dependencies = [
 "static_assertions",
]

[[package]]
name = "lexical-write-float"
version = "0.8.5"
source = "registry+https://github.com/rust-lang/crates.io-index"
checksum = "accabaa1c4581f05a3923d1b4cfd124c329352288b7b9da09e766b0668116862"
dependencies = [
 "lexical-util",
 "lexical-write-integer",
 "static_assertions",
]

[[package]]
name = "lexical-write-integer"
version = "0.8.5"
source = "registry+https://github.com/rust-lang/crates.io-index"
checksum = "e1b6f3d1f4422866b68192d62f77bc5c700bee84f3069f2469d7bc8c77852446"
dependencies = [
 "lexical-util",
 "static_assertions",
]

[[package]]
name = "libc"
version = "0.2.135"
source = "registry+https://github.com/rust-lang/crates.io-index"
checksum = "68783febc7782c6c5cb401fbda4de5a9898be1762314da0bb2c10ced61f18b0c"

[[package]]
name = "libduckdb-sys"
version = "0.5.1"
source = "registry+https://github.com/rust-lang/crates.io-index"
checksum = "fca1e6988028748776c67ec03b4d8a0d67300aca594b2beb3acdaf920a776fe6"
dependencies = [
 "pkg-config",
 "vcpkg",
]

[[package]]
name = "libloading"
version = "0.7.3"
source = "registry+https://github.com/rust-lang/crates.io-index"
checksum = "efbc0f03f9a775e9f6aed295c6a1ba2253c5757a9e03d55c6caa46a681abcddd"
dependencies = [
 "cfg-if",
 "winapi",
]

[[package]]
name = "libm"
version = "0.2.5"
source = "registry+https://github.com/rust-lang/crates.io-index"
checksum = "292a948cd991e376cf75541fe5b97a1081d713c618b4f1b9500f8844e49eb565"

[[package]]
name = "librocksdb-sys"
version = "0.8.0+7.4.4"
source = "registry+https://github.com/rust-lang/crates.io-index"
checksum = "611804e4666a25136fcc5f8cf425ab4d26c7f74ea245ffe92ea23b85b6420b5d"
dependencies = [
 "bindgen",
 "bzip2-sys",
 "cc",
 "glob",
 "libc",
 "libz-sys",
 "zstd-sys",
]

[[package]]
name = "libz-sys"
version = "1.1.8"
source = "registry+https://github.com/rust-lang/crates.io-index"
checksum = "9702761c3935f8cc2f101793272e202c72b99da8f4224a19ddcf1279a6450bbf"
dependencies = [
 "cc",
 "pkg-config",
 "vcpkg",
]

[[package]]
name = "link-cplusplus"
version = "1.0.7"
source = "registry+https://github.com/rust-lang/crates.io-index"
checksum = "9272ab7b96c9046fbc5bc56c06c117cb639fe2d509df0c421cad82d2915cf369"
dependencies = [
 "cc",
]

[[package]]
name = "linked-hash-map"
version = "0.5.6"
source = "registry+https://github.com/rust-lang/crates.io-index"
checksum = "0717cef1bc8b636c6e1c1bbdefc09e6322da8a9321966e8928ef80d20f7f770f"

[[package]]
name = "log"
version = "0.4.17"
source = "registry+https://github.com/rust-lang/crates.io-index"
checksum = "abb12e687cfb44aa40f41fc3978ef76448f9b6038cad6aef4259d3c095a2382e"
dependencies = [
 "cfg-if",
]

[[package]]
name = "lz4"
version = "1.24.0"
source = "registry+https://github.com/rust-lang/crates.io-index"
checksum = "7e9e2dd86df36ce760a60f6ff6ad526f7ba1f14ba0356f8254fb6905e6494df1"
dependencies = [
 "libc",
 "lz4-sys",
]

[[package]]
name = "lz4-sys"
version = "1.9.4"
source = "registry+https://github.com/rust-lang/crates.io-index"
checksum = "57d27b317e207b10f69f5e75494119e391a96f48861ae870d1da6edac98ca900"
dependencies = [
 "cc",
 "libc",
]

[[package]]
name = "memchr"
version = "2.5.0"
source = "registry+https://github.com/rust-lang/crates.io-index"
checksum = "2dffe52ecf27772e601905b7522cb4ef790d2cc203488bbd0e2fe85fcb74566d"

[[package]]
name = "minimal-lexical"
version = "0.2.1"
source = "registry+https://github.com/rust-lang/crates.io-index"
checksum = "68354c5c6bd36d73ff3feceb05efa59b6acb7626617f4962be322a825e61f79a"

[[package]]
name = "miniz_oxide"
version = "0.5.4"
source = "registry+https://github.com/rust-lang/crates.io-index"
checksum = "96590ba8f175222643a85693f33d26e9c8a015f599c216509b1a6894af675d34"
dependencies = [
 "adler",
]

[[package]]
name = "multiversion"
version = "0.6.1"
source = "registry+https://github.com/rust-lang/crates.io-index"
checksum = "025c962a3dd3cc5e0e520aa9c612201d127dcdf28616974961a649dca64f5373"
dependencies = [
 "multiversion-macros",
]

[[package]]
name = "multiversion-macros"
version = "0.6.1"
source = "registry+https://github.com/rust-lang/crates.io-index"
checksum = "a8a3e2bde382ebf960c1f3e79689fa5941625fe9bf694a1cb64af3e85faff3af"
dependencies = [
 "proc-macro2 1.0.47",
 "quote 1.0.21",
 "syn 1.0.102",
]

[[package]]
name = "nom"
version = "7.1.1"
source = "registry+https://github.com/rust-lang/crates.io-index"
checksum = "a8903e5a29a317527874d0402f867152a3d21c908bb0b933e416c65e301d4c36"
dependencies = [
 "memchr",
 "minimal-lexical",
]

[[package]]
name = "num"
version = "0.4.0"
source = "registry+https://github.com/rust-lang/crates.io-index"
checksum = "43db66d1170d347f9a065114077f7dccb00c1b9478c89384490a3425279a4606"
dependencies = [
 "num-bigint",
 "num-complex",
 "num-integer",
 "num-iter",
 "num-rational",
 "num-traits",
]

[[package]]
name = "num-bigint"
version = "0.4.3"
source = "registry+https://github.com/rust-lang/crates.io-index"
checksum = "f93ab6289c7b344a8a9f60f88d80aa20032336fe78da341afc91c8a2341fc75f"
dependencies = [
 "autocfg",
 "num-integer",
 "num-traits",
]

[[package]]
name = "num-complex"
version = "0.4.2"
source = "registry+https://github.com/rust-lang/crates.io-index"
checksum = "7ae39348c8bc5fbd7f40c727a9925f03517afd2ab27d46702108b6a7e5414c19"
dependencies = [
 "num-traits",
]

[[package]]
name = "num-integer"
version = "0.1.45"
source = "registry+https://github.com/rust-lang/crates.io-index"
checksum = "225d3389fb3509a24c93f5c29eb6bde2586b98d9f016636dff58d7c6f7569cd9"
dependencies = [
 "autocfg",
 "num-traits",
]

[[package]]
name = "num-iter"
version = "0.1.43"
source = "registry+https://github.com/rust-lang/crates.io-index"
checksum = "7d03e6c028c5dc5cac6e2dec0efda81fc887605bb3d884578bb6d6bf7514e252"
dependencies = [
 "autocfg",
 "num-integer",
 "num-traits",
]

[[package]]
name = "num-rational"
version = "0.4.1"
source = "registry+https://github.com/rust-lang/crates.io-index"
checksum = "0638a1c9d0a3c0914158145bc76cff373a75a627e6ecbfb71cbe6f453a5a19b0"
dependencies = [
 "autocfg",
 "num-bigint",
 "num-integer",
 "num-traits",
]

[[package]]
name = "num-traits"
version = "0.2.15"
source = "registry+https://github.com/rust-lang/crates.io-index"
checksum = "578ede34cf02f8924ab9447f50c28075b4d3e5b269972345e7e0372b38c6cdcd"
dependencies = [
 "autocfg",
 "libm",
]

[[package]]
name = "once_cell"
version = "1.15.0"
source = "registry+https://github.com/rust-lang/crates.io-index"
checksum = "e82dad04139b71a90c080c8463fe0dc7902db5192d939bd0950f074d014339e1"

[[package]]
name = "ordered-float"
version = "1.1.1"
source = "registry+https://github.com/rust-lang/crates.io-index"
checksum = "3305af35278dd29f46fcdd139e0b1fbfae2153f0e5928b39b035542dd31e37b7"
dependencies = [
 "num-traits",
]

[[package]]
name = "os_str_bytes"
version = "6.3.0"
source = "registry+https://github.com/rust-lang/crates.io-index"
checksum = "9ff7415e9ae3fff1225851df9e0d9e4e5479f947619774677a63572e55e80eff"

[[package]]
name = "parquet"
version = "26.0.0"
source = "registry+https://github.com/rust-lang/crates.io-index"
checksum = "3bf8fa7ab6572791325a8595f55dc532dde88b996ae10a5ca8a2db746784ecc4"
dependencies = [
 "ahash 0.8.1",
 "arrow 26.0.0",
 "base64",
 "brotli",
 "bytes",
 "chrono",
 "flate2",
 "hashbrown",
 "lz4",
 "num",
 "num-bigint",
 "seq-macro",
 "snap",
 "thrift",
 "zstd",
]

[[package]]
name = "peeking_take_while"
version = "0.1.2"
source = "registry+https://github.com/rust-lang/crates.io-index"
checksum = "19b17cddbe7ec3f8bc800887bab5e717348c95ea2ca0b1bf0837fb964dc67099"

[[package]]
name = "pkg-config"
version = "0.3.26"
source = "registry+https://github.com/rust-lang/crates.io-index"
checksum = "6ac9a59f73473f1b8d852421e59e64809f025994837ef743615c6d0c5b305160"

[[package]]
name = "ppv-lite86"
version = "0.2.16"
source = "registry+https://github.com/rust-lang/crates.io-index"
checksum = "eb9f9e6e233e5c4a35559a617bf40a4ec447db2e84c20b55a6f83167b7e57872"

[[package]]
name = "proc-macro-error"
version = "1.0.4"
source = "registry+https://github.com/rust-lang/crates.io-index"
checksum = "da25490ff9892aab3fcf7c36f08cfb902dd3e71ca0f9f9517bea02a73a5ce38c"
dependencies = [
 "proc-macro-error-attr",
 "proc-macro2 1.0.47",
 "quote 1.0.21",
 "syn 1.0.102",
 "version_check",
]

[[package]]
name = "proc-macro-error-attr"
version = "1.0.4"
source = "registry+https://github.com/rust-lang/crates.io-index"
checksum = "a1be40180e52ecc98ad80b184934baf3d0d29f979574e439af5a55274b35f869"
dependencies = [
 "proc-macro2 1.0.47",
 "quote 1.0.21",
 "version_check",
]

[[package]]
name = "proc-macro-hack"
version = "0.5.19"
source = "registry+https://github.com/rust-lang/crates.io-index"
checksum = "dbf0c48bc1d91375ae5c3cd81e3722dff1abcf81a30960240640d223f59fe0e5"

[[package]]
name = "proc-macro2"
version = "0.4.30"
source = "registry+https://github.com/rust-lang/crates.io-index"
checksum = "cf3d2011ab5c909338f7887f4fc896d35932e29146c12c8d01da6b22a80ba759"
dependencies = [
 "unicode-xid",
]

[[package]]
name = "proc-macro2"
version = "1.0.47"
source = "registry+https://github.com/rust-lang/crates.io-index"
checksum = "5ea3d908b0e36316caf9e9e2c4625cdde190a7e6f440d794667ed17a1855e725"
dependencies = [
 "unicode-ident",
]

[[package]]
name = "proptest"
version = "1.0.0"
source = "registry+https://github.com/rust-lang/crates.io-index"
checksum = "1e0d9cc07f18492d879586c92b485def06bc850da3118075cd45d50e9c95b0e5"
dependencies = [
 "bit-set",
 "bitflags",
 "byteorder",
 "lazy_static",
 "num-traits",
 "quick-error 2.0.1",
 "rand",
 "rand_chacha",
 "rand_xorshift",
 "regex-syntax",
 "rusty-fork",
 "tempfile",
]

[[package]]
name = "proptest-derive"
version = "0.3.0"
source = "registry+https://github.com/rust-lang/crates.io-index"
checksum = "90b46295382dc76166cb7cf2bb4a97952464e4b7ed5a43e6cd34e1fec3349ddc"
dependencies = [
 "proc-macro2 0.4.30",
 "quote 0.6.13",
 "syn 0.15.44",
]

[[package]]
name = "quick-error"
version = "1.2.3"
source = "registry+https://github.com/rust-lang/crates.io-index"
checksum = "a1d01941d82fa2ab50be1e79e6714289dd7cde78eba4c074bc5a4374f650dfe0"

[[package]]
name = "quick-error"
version = "2.0.1"
source = "registry+https://github.com/rust-lang/crates.io-index"
checksum = "a993555f31e5a609f617c12db6250dedcac1b0a85076912c436e6fc9b2c8e6a3"

[[package]]
name = "quote"
version = "0.6.13"
source = "registry+https://github.com/rust-lang/crates.io-index"
checksum = "6ce23b6b870e8f94f81fb0a363d65d86675884b34a09043c81e5562f11c1f8e1"
dependencies = [
 "proc-macro2 0.4.30",
]

[[package]]
name = "quote"
version = "1.0.21"
source = "registry+https://github.com/rust-lang/crates.io-index"
checksum = "bbe448f377a7d6961e30f5955f9b8d106c3f5e449d493ee1b125c1d43c2b5179"
dependencies = [
 "proc-macro2 1.0.47",
]

[[package]]
name = "rand"
version = "0.8.5"
source = "registry+https://github.com/rust-lang/crates.io-index"
checksum = "34af8d1a0e25924bc5b7c43c079c942339d8f0a8b57c39049bef581b46327404"
dependencies = [
 "libc",
 "rand_chacha",
 "rand_core",
]

[[package]]
name = "rand_chacha"
version = "0.3.1"
source = "registry+https://github.com/rust-lang/crates.io-index"
checksum = "e6c10a63a0fa32252be49d21e7709d4d4baf8d231c2dbce1eaa8141b9b127d88"
dependencies = [
 "ppv-lite86",
 "rand_core",
]

[[package]]
name = "rand_core"
version = "0.6.4"
source = "registry+https://github.com/rust-lang/crates.io-index"
checksum = "ec0be4795e2f6a28069bec0b5ff3e2ac9bafc99e6a9a7dc3547996c5c816922c"
dependencies = [
 "getrandom",
]

[[package]]
name = "rand_xorshift"
version = "0.3.0"
source = "registry+https://github.com/rust-lang/crates.io-index"
checksum = "d25bf25ec5ae4a3f1b92f929810509a2f53d7dca2f50b794ff57e3face536c8f"
dependencies = [
 "rand_core",
]

[[package]]
name = "redox_syscall"
version = "0.2.16"
source = "registry+https://github.com/rust-lang/crates.io-index"
checksum = "fb5a58c1855b4b6819d59012155603f0b22ad30cad752600aadfcb695265519a"
dependencies = [
 "bitflags",
]

[[package]]
name = "regex"
version = "1.6.0"
source = "registry+https://github.com/rust-lang/crates.io-index"
checksum = "4c4eb3267174b8c6c2f654116623910a0fef09c4753f8dd83db29c48a0df988b"
dependencies = [
 "aho-corasick",
 "memchr",
 "regex-syntax",
]

[[package]]
name = "regex-syntax"
version = "0.6.27"
source = "registry+https://github.com/rust-lang/crates.io-index"
checksum = "a3f87b73ce11b1619a3c6332f45341e0047173771e8b8b73f87bfeefb7b56244"

[[package]]
name = "remove_dir_all"
version = "0.5.3"
source = "registry+https://github.com/rust-lang/crates.io-index"
checksum = "3acd125665422973a33ac9d3dd2df85edad0f4ae9b00dafb1a05e43a9f5ef8e7"
dependencies = [
 "winapi",
]

[[package]]
name = "rocksdb"
version = "0.19.0"
source = "registry+https://github.com/rust-lang/crates.io-index"
checksum = "7e9562ea1d70c0cc63a34a22d977753b50cca91cc6b6527750463bd5dd8697bc"
dependencies = [
 "libc",
 "librocksdb-sys",
]

[[package]]
name = "rust_decimal"
version = "1.26.1"
source = "registry+https://github.com/rust-lang/crates.io-index"
checksum = "ee9164faf726e4f3ece4978b25ca877ddc6802fa77f38cdccb32c7f805ecd70c"
dependencies = [
 "arrayvec",
 "num-traits",
 "serde",
]

[[package]]
name = "rustc-hash"
version = "1.1.0"
source = "registry+https://github.com/rust-lang/crates.io-index"
checksum = "08d43f7aa6b08d49f382cde6a7982047c3426db949b1424bc4b7ec9ae12c6ce2"

[[package]]
name = "rustversion"
version = "1.0.9"
source = "registry+https://github.com/rust-lang/crates.io-index"
checksum = "97477e48b4cf8603ad5f7aaf897467cf42ab4218a38ef76fb14c2d6773a6d6a8"

[[package]]
name = "rusty-fork"
version = "0.3.0"
source = "registry+https://github.com/rust-lang/crates.io-index"
checksum = "cb3dcc6e454c328bb824492db107ab7c0ae8fcffe4ad210136ef014458c1bc4f"
dependencies = [
 "fnv",
 "quick-error 1.2.3",
 "tempfile",
 "wait-timeout",
]

[[package]]
name = "same-file"
version = "1.0.6"
source = "registry+https://github.com/rust-lang/crates.io-index"
checksum = "93fc1dc3aaa9bfed95e02e6eadabb4baf7e3078b0bd1b4d7b6b0b68378900502"
dependencies = [
 "winapi-util",
]

[[package]]
name = "scratch"
version = "1.0.2"
source = "registry+https://github.com/rust-lang/crates.io-index"
checksum = "9c8132065adcfd6e02db789d9285a0deb2f3fcb04002865ab67d5fb103533898"

[[package]]
name = "seq-macro"
version = "0.3.1"
source = "registry+https://github.com/rust-lang/crates.io-index"
checksum = "0772c5c30e1a0d91f6834f8e545c69281c099dfa9a3ac58d96a9fd629c8d4898"

[[package]]
name = "serde"
version = "1.0.147"
source = "registry+https://github.com/rust-lang/crates.io-index"
checksum = "d193d69bae983fc11a79df82342761dfbf28a99fc8d203dca4c3c1b590948965"

[[package]]
name = "shlex"
version = "1.1.0"
source = "registry+https://github.com/rust-lang/crates.io-index"
checksum = "43b2853a4d09f215c24cc5489c992ce46052d359b5109343cbafbf26bc62f8a3"

[[package]]
name = "similar"
version = "2.2.0"
source = "registry+https://github.com/rust-lang/crates.io-index"
checksum = "62ac7f900db32bf3fd12e0117dd3dc4da74bc52ebaac97f39668446d89694803"

[[package]]
name = "smallvec"
version = "1.10.0"
source = "registry+https://github.com/rust-lang/crates.io-index"
checksum = "a507befe795404456341dfab10cef66ead4c041f62b8b11bbb92bffe5d0953e0"

[[package]]
name = "snap"
version = "1.0.5"
source = "registry+https://github.com/rust-lang/crates.io-index"
checksum = "45456094d1983e2ee2a18fdfebce3189fa451699d0502cb8e3b49dba5ba41451"

[[package]]
name = "static_assertions"
version = "1.1.0"
source = "registry+https://github.com/rust-lang/crates.io-index"
checksum = "a2eb9349b6444b326872e140eb1cf5e7c522154d69e7a0ffb0fb81c06b37543f"

[[package]]
name = "strsim"
version = "0.10.0"
source = "registry+https://github.com/rust-lang/crates.io-index"
checksum = "73473c0e59e6d5812c5dfe2a064a6444949f089e20eec9a2e5506596494e4623"

[[package]]
name = "strum"
version = "0.24.1"
source = "registry+https://github.com/rust-lang/crates.io-index"
checksum = "063e6045c0e62079840579a7e47a355ae92f60eb74daaf156fb1e84ba164e63f"
dependencies = [
 "strum_macros",
]

[[package]]
name = "strum_macros"
version = "0.24.3"
source = "registry+https://github.com/rust-lang/crates.io-index"
checksum = "1e385be0d24f186b4ce2f9982191e7101bb737312ad61c1f2f984f34bcf85d59"
dependencies = [
 "heck",
 "proc-macro2 1.0.47",
 "quote 1.0.21",
 "rustversion",
 "syn 1.0.102",
]

[[package]]
name = "syn"
version = "0.15.44"
source = "registry+https://github.com/rust-lang/crates.io-index"
checksum = "9ca4b3b69a77cbe1ffc9e198781b7acb0c7365a883670e8f1c1bc66fba79a5c5"
dependencies = [
 "proc-macro2 0.4.30",
 "quote 0.6.13",
 "unicode-xid",
]

[[package]]
name = "syn"
version = "1.0.102"
source = "registry+https://github.com/rust-lang/crates.io-index"
checksum = "3fcd952facd492f9be3ef0d0b7032a6e442ee9b361d4acc2b1d0c4aaa5f613a1"
dependencies = [
 "proc-macro2 1.0.47",
 "quote 1.0.21",
 "unicode-ident",
]

[[package]]
name = "tempfile"
version = "3.3.0"
source = "registry+https://github.com/rust-lang/crates.io-index"
checksum = "5cdb1ef4eaeeaddc8fbd371e5017057064af0911902ef36b39801f67cc6d79e4"
dependencies = [
 "cfg-if",
 "fastrand",
 "libc",
 "redox_syscall",
 "remove_dir_all",
 "winapi",
]

[[package]]
name = "termcolor"
version = "1.1.3"
source = "registry+https://github.com/rust-lang/crates.io-index"
checksum = "bab24d30b911b2376f3a13cc2cd443142f0c81dda04c118693e35b3835757755"
dependencies = [
 "winapi-util",
]

[[package]]
name = "terminal_size"
version = "0.1.17"
source = "registry+https://github.com/rust-lang/crates.io-index"
checksum = "633c1a546cee861a1a6d0dc69ebeca693bf4296661ba7852b9d21d159e0506df"
dependencies = [
 "libc",
 "winapi",
]

[[package]]
name = "thiserror"
version = "1.0.37"
source = "registry+https://github.com/rust-lang/crates.io-index"
checksum = "10deb33631e3c9018b9baf9dcbbc4f737320d2b576bac10f6aefa048fa407e3e"
dependencies = [
 "thiserror-impl",
]

[[package]]
name = "thiserror-impl"
version = "1.0.37"
source = "registry+https://github.com/rust-lang/crates.io-index"
checksum = "982d17546b47146b28f7c22e3d08465f6b8903d0ea13c1660d9d84a6e7adcdbb"
dependencies = [
 "proc-macro2 1.0.47",
 "quote 1.0.21",
 "syn 1.0.102",
]

[[package]]
name = "thrift"
version = "0.16.0"
source = "registry+https://github.com/rust-lang/crates.io-index"
checksum = "09678c4cdbb4eed72e18b7c2af1329c69825ed16fcbac62d083fc3e2b0590ff0"
dependencies = [
 "byteorder",
 "integer-encoding",
 "ordered-float",
]

[[package]]
name = "tiny-keccak"
version = "2.0.2"
source = "registry+https://github.com/rust-lang/crates.io-index"
checksum = "2c9d3793400a45f954c52e73d068316d76b6f4e36977e3fcebb13a2721e80237"
dependencies = [
 "crunchy",
]

[[package]]
name = "trident"
version = "0.1.0"
dependencies = [
 "anyhow",
 "bitpacking",
 "bytefmt",
 "byteorder",
 "clap",
 "duckdb",
 "insta",
 "integer-encoding",
 "itertools",
 "parquet",
 "proptest",
 "proptest-derive",
 "rand",
 "rocksdb",
 "rustc-hash",
 "walkdir",
]

[[package]]
name = "unicode-ident"
version = "1.0.5"
source = "registry+https://github.com/rust-lang/crates.io-index"
checksum = "6ceab39d59e4c9499d4e5a8ee0e2735b891bb7308ac83dfb4e80cad195c9f6f3"

[[package]]
name = "unicode-width"
version = "0.1.10"
source = "registry+https://github.com/rust-lang/crates.io-index"
checksum = "c0edd1e5b14653f783770bce4a4dabb4a5108a5370a5f5d8cfe8710c361f6c8b"

[[package]]
name = "unicode-xid"
version = "0.1.0"
source = "registry+https://github.com/rust-lang/crates.io-index"
checksum = "fc72304796d0818e357ead4e000d19c9c174ab23dc11093ac919054d20a6a7fc"

[[package]]
name = "vcpkg"
version = "0.2.15"
source = "registry+https://github.com/rust-lang/crates.io-index"
checksum = "accd4ea62f7bb7a82fe23066fb0957d48ef677f6eeb8215f372f52e48bb32426"

[[package]]
name = "version_check"
version = "0.9.4"
source = "registry+https://github.com/rust-lang/crates.io-index"
checksum = "49874b5167b65d7193b8aba1567f5c7d93d001cafc34600cee003eda787e483f"

[[package]]
name = "wait-timeout"
version = "0.2.0"
source = "registry+https://github.com/rust-lang/crates.io-index"
checksum = "9f200f5b12eb75f8c1ed65abd4b2db8a6e1b138a20de009dacee265a2498f3f6"
dependencies = [
 "libc",
]

[[package]]
name = "walkdir"
version = "2.3.2"
source = "registry+https://github.com/rust-lang/crates.io-index"
checksum = "808cf2735cd4b6866113f648b791c6adc5714537bc222d9347bb203386ffda56"
dependencies = [
 "same-file",
 "winapi",
 "winapi-util",
]

[[package]]
name = "wasi"
version = "0.11.0+wasi-snapshot-preview1"
source = "registry+https://github.com/rust-lang/crates.io-index"
checksum = "9c8d87e72b64a3b4db28d11ce29237c246188f4f51057d65a7eab63b7987e423"

[[package]]
name = "wasm-bindgen"
version = "0.2.83"
source = "registry+https://github.com/rust-lang/crates.io-index"
checksum = "eaf9f5aceeec8be17c128b2e93e031fb8a4d469bb9c4ae2d7dc1888b26887268"
dependencies = [
 "cfg-if",
 "wasm-bindgen-macro",
]

[[package]]
name = "wasm-bindgen-backend"
version = "0.2.83"
source = "registry+https://github.com/rust-lang/crates.io-index"
checksum = "4c8ffb332579b0557b52d268b91feab8df3615f265d5270fec2a8c95b17c1142"
dependencies = [
 "bumpalo",
 "log",
 "once_cell",
 "proc-macro2 1.0.47",
 "quote 1.0.21",
 "syn 1.0.102",
 "wasm-bindgen-shared",
]

[[package]]
name = "wasm-bindgen-macro"
version = "0.2.83"
source = "registry+https://github.com/rust-lang/crates.io-index"
checksum = "052be0f94026e6cbc75cdefc9bae13fd6052cdcaf532fa6c45e7ae33a1e6c810"
dependencies = [
 "quote 1.0.21",
 "wasm-bindgen-macro-support",
]

[[package]]
name = "wasm-bindgen-macro-support"
version = "0.2.83"
source = "registry+https://github.com/rust-lang/crates.io-index"
checksum = "07bc0c051dc5f23e307b13285f9d75df86bfdf816c5721e573dec1f9b8aa193c"
dependencies = [
 "proc-macro2 1.0.47",
 "quote 1.0.21",
 "syn 1.0.102",
 "wasm-bindgen-backend",
 "wasm-bindgen-shared",
]

[[package]]
name = "wasm-bindgen-shared"
version = "0.2.83"
source = "registry+https://github.com/rust-lang/crates.io-index"
checksum = "1c38c045535d93ec4f0b4defec448e4291638ee608530863b1e2ba115d4fff7f"

[[package]]
name = "winapi"
version = "0.3.9"
source = "registry+https://github.com/rust-lang/crates.io-index"
checksum = "5c839a674fcd7a98952e593242ea400abe93992746761e38641405d28b00f419"
dependencies = [
 "winapi-i686-pc-windows-gnu",
 "winapi-x86_64-pc-windows-gnu",
]

[[package]]
name = "winapi-i686-pc-windows-gnu"
version = "0.4.0"
source = "registry+https://github.com/rust-lang/crates.io-index"
checksum = "ac3b87c63620426dd9b991e5ce0329eff545bccbbb34f3be09ff6fb6ab51b7b6"

[[package]]
name = "winapi-util"
version = "0.1.5"
source = "registry+https://github.com/rust-lang/crates.io-index"
checksum = "70ec6ce85bb158151cae5e5c87f95a8e97d2c0c4b001223f33a334e3ce5de178"
dependencies = [
 "winapi",
]

[[package]]
name = "winapi-x86_64-pc-windows-gnu"
version = "0.4.0"
source = "registry+https://github.com/rust-lang/crates.io-index"
checksum = "712e227841d057c1ee1cd2fb22fa7e5a5461ae8e48fa2ca79ec42cfc1931183f"

[[package]]
name = "yaml-rust"
version = "0.4.5"
source = "registry+https://github.com/rust-lang/crates.io-index"
checksum = "56c1936c4cc7a1c9ab21a1ebb602eb942ba868cbd44a99cb7cdc5892335e1c85"
dependencies = [
 "linked-hash-map",
]

[[package]]
name = "zstd"
version = "0.11.2+zstd.1.5.2"
source = "registry+https://github.com/rust-lang/crates.io-index"
checksum = "20cc960326ece64f010d2d2107537f26dc589a6573a316bd5b1dba685fa5fde4"
dependencies = [
 "zstd-safe",
]

[[package]]
name = "zstd-safe"
version = "5.0.2+zstd.1.5.2"
source = "registry+https://github.com/rust-lang/crates.io-index"
checksum = "1d2a5585e04f9eea4b2a3d1eca508c4dee9592a89ef6f450c11719da0726f4db"
dependencies = [
 "libc",
 "zstd-sys",
]

[[package]]
name = "zstd-sys"
version = "2.0.1+zstd.1.5.2"
source = "registry+https://github.com/rust-lang/crates.io-index"
checksum = "9fd07cbbc53846d9145dbffdf6dd09a7a0aa52be46741825f5c97bdd4f73f12b"
dependencies = [
 "cc",
 "libc",
]
